id: simple_oqpsk_oqpskMod
label: oqpskMod
category: '[simple_oqpsk]'

templates:
  imports: from gnuradio import simple_oqpsk
  make: simple_oqpsk.oqpskMod(${debug}, ${samples_per_symbol}, ${rolloff})

#  Make one 'parameters' list entry for every parameter you want settable from the GUI.
#     Keys include:
#     * id (makes the value accessible as keyname, e.g. in the make entry)
#     * label (label shown in the GUI)
#     * dtype (e.g. int, float, complex, byte, short, xxx_vector, ...)
#     * default
parameters:
-   id: debug
    label: Debug print
    dtype: bool
    default: true
-   id: samples_per_symbol
    label: Samples per symbol
    dtype: int
    default: 4
-   id: rolloff
    label: Rolloff of the RRC
    dtype: float
    default: 0.35
#- id: ...
#  label: ...
#  dtype: ...

#  Make one 'inputs' list entry per input and one 'outputs' list entry per output.
#  Keys include:
#      * label (an identifier for the GUI)
#      * domain (optional - stream or message. Default is stream)
#      * dtype (e.g. int, float, complex, byte, short, xxx_vector, ...)
#      * vlen (optional - data stream vector length. Default is 1)
#      * optional (optional - set to 1 for optional inputs. Default is 0)
inputs:
-   domain: stream
    dtype: byte
    id: in
    optional: false

outputs:
-   domain: stream
    dtype: complex
    id: out
    optional: false

#  'file_format' specifies the version of the GRC yml format used in the file
#  and should usually not be changed.
file_format: 1
